
Microsoft Visual Studio Solution File, Format Version 12.00
# Visual Studio Version 16
VisualStudioVersion = 16.0.31025.194
MinimumVisualStudioVersion = 10.0.40219.1
Project("{8BC9CEB8-8B4A-11D0-8D11-00A0C91BC942}") = "natural-language-processing-lib", "libprj\natural-language-processing-lib.vcxproj", "{84AC1667-24DE-4191-85D0-7CD49AF4062F}"
EndProject
Project("{2150E333-8FDC-42A3-9474-1A3956D46DE8}") = "github", "github", "{21744D15-D578-47EB-9B44-554EC3D3F9CE}"
	ProjectSection(SolutionItems) = preProject
		.gitignore = .gitignore
		LICENSE = LICENSE
		README.md = README.md
	EndProjectSection
EndProject
Project("{2150E333-8FDC-42A3-9474-1A3956D46DE8}") = "test", "test", "{0B71FCAF-2C60-43A3-BCE4-0768F8168E18}"
EndProject
Project("{8BC9CEB8-8B4A-11D0-8D11-00A0C91BC942}") = "morpheme-extraction-test", "test\morpheme-extraction-test\morpheme-extraction-test.vcxproj", "{2EBBC4B6-0BED-4D7D-B405-EF86F78B1E62}"
EndProject
Project("{8BC9CEB8-8B4A-11D0-8D11-00A0C91BC942}") = "bag-of-words-test", "test\bag-of-words-test\bag-of-words-test.vcxproj", "{DE66ABBC-636C-4567-ABE6-7FFF7978E657}"
EndProject
Project("{8BC9CEB8-8B4A-11D0-8D11-00A0C91BC942}") = "stop-words-removal-test", "test\stop-words-removal-test\stop-words-removal-test.vcxproj", "{01F1D41F-AC99-42FF-9AA9-5D45DC9A8CEC}"
EndProject
Global
	GlobalSection(SolutionConfigurationPlatforms) = preSolution
		Debug|x64 = Debug|x64
		Debug|x86 = Debug|x86
		Release|x64 = Release|x64
		Release|x86 = Release|x86
	EndGlobalSection
	GlobalSection(ProjectConfigurationPlatforms) = postSolution
		{84AC1667-24DE-4191-85D0-7CD49AF4062F}.Debug|x64.ActiveCfg = Debug|x64
		{84AC1667-24DE-4191-85D0-7CD49AF4062F}.Debug|x64.Build.0 = Debug|x64
		{84AC1667-24DE-4191-85D0-7CD49AF4062F}.Debug|x86.ActiveCfg = Debug|Win32
		{84AC1667-24DE-4191-85D0-7CD49AF4062F}.Debug|x86.Build.0 = Debug|Win32
		{84AC1667-24DE-4191-85D0-7CD49AF4062F}.Release|x64.ActiveCfg = Release|x64
		{84AC1667-24DE-4191-85D0-7CD49AF4062F}.Release|x64.Build.0 = Release|x64
		{84AC1667-24DE-4191-85D0-7CD49AF4062F}.Release|x86.ActiveCfg = Release|Win32
		{84AC1667-24DE-4191-85D0-7CD49AF4062F}.Release|x86.Build.0 = Release|Win32
		{2EBBC4B6-0BED-4D7D-B405-EF86F78B1E62}.Debug|x64.ActiveCfg = Debug|x64
		{2EBBC4B6-0BED-4D7D-B405-EF86F78B1E62}.Debug|x64.Build.0 = Debug|x64
		{2EBBC4B6-0BED-4D7D-B405-EF86F78B1E62}.Debug|x86.ActiveCfg = Debug|Win32
		{2EBBC4B6-0BED-4D7D-B405-EF86F78B1E62}.Debug|x86.Build.0 = Debug|Win32
		{2EBBC4B6-0BED-4D7D-B405-EF86F78B1E62}.Release|x64.ActiveCfg = Release|x64
		{2EBBC4B6-0BED-4D7D-B405-EF86F78B1E62}.Release|x64.Build.0 = Release|x64
		{2EBBC4B6-0BED-4D7D-B405-EF86F78B1E62}.Release|x86.ActiveCfg = Release|Win32
		{2EBBC4B6-0BED-4D7D-B405-EF86F78B1E62}.Release|x86.Build.0 = Release|Win32
		{DE66ABBC-636C-4567-ABE6-7FFF7978E657}.Debug|x64.ActiveCfg = Debug|x64
		{DE66ABBC-636C-4567-ABE6-7FFF7978E657}.Debug|x64.Build.0 = Debug|x64
		{DE66ABBC-636C-4567-ABE6-7FFF7978E657}.Debug|x86.ActiveCfg = Debug|Win32
		{DE66ABBC-636C-4567-ABE6-7FFF7978E657}.Debug|x86.Build.0 = Debug|Win32
		{DE66ABBC-636C-4567-ABE6-7FFF7978E657}.Release|x64.ActiveCfg = Release|x64
		{DE66ABBC-636C-4567-ABE6-7FFF7978E657}.Release|x64.Build.0 = Release|x64
		{DE66ABBC-636C-4567-ABE6-7FFF7978E657}.Release|x86.ActiveCfg = Release|Win32
		{DE66ABBC-636C-4567-ABE6-7FFF7978E657}.Release|x86.Build.0 = Release|Win32
		{01F1D41F-AC99-42FF-9AA9-5D45DC9A8CEC}.Debug|x64.ActiveCfg = Debug|x64
		{01F1D41F-AC99-42FF-9AA9-5D45DC9A8CEC}.Debug|x64.Build.0 = Debug|x64
		{01F1D41F-AC99-42FF-9AA9-5D45DC9A8CEC}.Debug|x86.ActiveCfg = Debug|Win32
		{01F1D41F-AC99-42FF-9AA9-5D45DC9A8CEC}.Debug|x86.Build.0 = Debug|Win32
		{01F1D41F-AC99-42FF-9AA9-5D45DC9A8CEC}.Release|x64.ActiveCfg = Release|x64
		{01F1D41F-AC99-42FF-9AA9-5D45DC9A8CEC}.Release|x64.Build.0 = Release|x64
		{01F1D41F-AC99-42FF-9AA9-5D45DC9A8CEC}.Release|x86.ActiveCfg = Release|Win32
		{01F1D41F-AC99-42FF-9AA9-5D45DC9A8CEC}.Release|x86.Build.0 = Release|Win32
	EndGlobalSection
	GlobalSection(SolutionProperties) = preSolution
		HideSolutionNode = FALSE
	EndGlobalSection
	GlobalSection(NestedProjects) = preSolution
		{2EBBC4B6-0BED-4D7D-B405-EF86F78B1E62} = {0B71FCAF-2C60-43A3-BCE4-0768F8168E18}
		{DE66ABBC-636C-4567-ABE6-7FFF7978E657} = {0B71FCAF-2C60-43A3-BCE4-0768F8168E18}
		{01F1D41F-AC99-42FF-9AA9-5D45DC9A8CEC} = {0B71FCAF-2C60-43A3-BCE4-0768F8168E18}
	EndGlobalSection
	GlobalSection(ExtensibilityGlobals) = postSolution
		SolutionGuid = {6A7FB30B-3D50-4A42-B467-9AAE30D5AB0F}
	EndGlobalSection
EndGlobal
